
Microsoft Visual Studio Solution File, Format Version 12.00
# Visual Studio Version 17
VisualStudioVersion = 17.11.35312.102
MinimumVisualStudioVersion = 10.0.40219.1
Project("{9A19103F-16F7-4668-BE54-9A1E7A4F7556}") = "Triangle.Domain", "Triangle.Domain\Triangle.Domain.csproj", "{4159DEE0-B13F-4027-9189-17696C9C6A5C}"
EndProject
Project("{9A19103F-16F7-4668-BE54-9A1E7A4F7556}") = "Triangle.Domain.UnitTests", "Triangle.Domain.UnitTests\Triangle.Domain.UnitTests.csproj", "{9ECEF985-A92E-4CF8-BBE3-3E97FEDB303D}"
EndProject
Project("{9A19103F-16F7-4668-BE54-9A1E7A4F7556}") = "TextEvaluator.Domain", "TextEvaluator.Domain\TextEvaluator.Domain.csproj", "{CE2A22FF-408C-4AB1-BE7D-99F11659D703}"
EndProject
Project("{9A19103F-16F7-4668-BE54-9A1E7A4F7556}") = "TextEvaluator.Domain.UnitTests", "TextEvaluator.Domain.UnitTests\TextEvaluator.Domain.UnitTests.csproj", "{49368E01-B30A-418E-A690-9F00773319D8}"
EndProject
Project("{9A19103F-16F7-4668-BE54-9A1E7A4F7556}") = "Triangle.Console", "Triangle.Console\Triangle.Console.csproj", "{07F4CFCB-0605-4D4F-B9E1-4D9A987C2042}"
EndProject
Project("{9A19103F-16F7-4668-BE54-9A1E7A4F7556}") = "TextEvaluator.Console", "TextEvaluator.Console\TextEvaluator.Console.csproj", "{EE7CA7E5-44DB-491C-A7C1-35D6C9FAF73D}"
EndProject
Project("{9A19103F-16F7-4668-BE54-9A1E7A4F7556}") = "TextEvaluator.Console.E2ETests", "TextEvaluator.Console.E2ETests\TextEvaluator.Console.E2ETests.csproj", "{03F8F234-AB64-493B-9869-361813A40003}"
EndProject
Project("{9A19103F-16F7-4668-BE54-9A1E7A4F7556}") = "Triangle.Console.E2ETests", "Triangle.Console.E2ETests\Triangle.Console.E2ETests.csproj", "{8E8EDAB4-5FAA-499D-80B9-E69B6063BC18}"
EndProject
Project("{2150E333-8FDC-42A3-9474-1A3956D46DE8}") = ".github", ".github", "{F8D792E5-0C01-433C-85FE-2C28CF0D0D86}"
EndProject
Project("{2150E333-8FDC-42A3-9474-1A3956D46DE8}") = "workflows", "workflows", "{F530F5E6-AE19-42CE-AF81-48279369828F}"
	ProjectSection(SolutionItems) = preProject
		.github\workflows\dotnet.yml = .github\workflows\dotnet.yml
	EndProjectSection
EndProject
Global
	GlobalSection(SolutionConfigurationPlatforms) = preSolution
		Debug|Any CPU = Debug|Any CPU
		Release|Any CPU = Release|Any CPU
	EndGlobalSection
	GlobalSection(ProjectConfigurationPlatforms) = postSolution
		{4159DEE0-B13F-4027-9189-17696C9C6A5C}.Debug|Any CPU.ActiveCfg = Debug|Any CPU
		{4159DEE0-B13F-4027-9189-17696C9C6A5C}.Debug|Any CPU.Build.0 = Debug|Any CPU
		{4159DEE0-B13F-4027-9189-17696C9C6A5C}.Release|Any CPU.ActiveCfg = Release|Any CPU
		{4159DEE0-B13F-4027-9189-17696C9C6A5C}.Release|Any CPU.Build.0 = Release|Any CPU
		{9ECEF985-A92E-4CF8-BBE3-3E97FEDB303D}.Debug|Any CPU.ActiveCfg = Debug|Any CPU
		{9ECEF985-A92E-4CF8-BBE3-3E97FEDB303D}.Debug|Any CPU.Build.0 = Debug|Any CPU
		{9ECEF985-A92E-4CF8-BBE3-3E97FEDB303D}.Release|Any CPU.ActiveCfg = Release|Any CPU
		{9ECEF985-A92E-4CF8-BBE3-3E97FEDB303D}.Release|Any CPU.Build.0 = Release|Any CPU
		{CE2A22FF-408C-4AB1-BE7D-99F11659D703}.Debug|Any CPU.ActiveCfg = Debug|Any CPU
		{CE2A22FF-408C-4AB1-BE7D-99F11659D703}.Debug|Any CPU.Build.0 = Debug|Any CPU
		{CE2A22FF-408C-4AB1-BE7D-99F11659D703}.Release|Any CPU.ActiveCfg = Release|Any CPU
		{CE2A22FF-408C-4AB1-BE7D-99F11659D703}.Release|Any CPU.Build.0 = Release|Any CPU
		{49368E01-B30A-418E-A690-9F00773319D8}.Debug|Any CPU.ActiveCfg = Debug|Any CPU
		{49368E01-B30A-418E-A690-9F00773319D8}.Debug|Any CPU.Build.0 = Debug|Any CPU
		{49368E01-B30A-418E-A690-9F00773319D8}.Release|Any CPU.ActiveCfg = Release|Any CPU
		{49368E01-B30A-418E-A690-9F00773319D8}.Release|Any CPU.Build.0 = Release|Any CPU
		{07F4CFCB-0605-4D4F-B9E1-4D9A987C2042}.Debug|Any CPU.ActiveCfg = Debug|Any CPU
		{07F4CFCB-0605-4D4F-B9E1-4D9A987C2042}.Debug|Any CPU.Build.0 = Debug|Any CPU
		{07F4CFCB-0605-4D4F-B9E1-4D9A987C2042}.Release|Any CPU.ActiveCfg = Release|Any CPU
		{07F4CFCB-0605-4D4F-B9E1-4D9A987C2042}.Release|Any CPU.Build.0 = Release|Any CPU
		{EE7CA7E5-44DB-491C-A7C1-35D6C9FAF73D}.Debug|Any CPU.ActiveCfg = Debug|Any CPU
		{EE7CA7E5-44DB-491C-A7C1-35D6C9FAF73D}.Debug|Any CPU.Build.0 = Debug|Any CPU
		{EE7CA7E5-44DB-491C-A7C1-35D6C9FAF73D}.Release|Any CPU.ActiveCfg = Release|Any CPU
		{EE7CA7E5-44DB-491C-A7C1-35D6C9FAF73D}.Release|Any CPU.Build.0 = Release|Any CPU
		{03F8F234-AB64-493B-9869-361813A40003}.Debug|Any CPU.ActiveCfg = Debug|Any CPU
		{03F8F234-AB64-493B-9869-361813A40003}.Debug|Any CPU.Build.0 = Debug|Any CPU
		{03F8F234-AB64-493B-9869-361813A40003}.Release|Any CPU.ActiveCfg = Release|Any CPU
		{03F8F234-AB64-493B-9869-361813A40003}.Release|Any CPU.Build.0 = Release|Any CPU
		{8E8EDAB4-5FAA-499D-80B9-E69B6063BC18}.Debug|Any CPU.ActiveCfg = Debug|Any CPU
		{8E8EDAB4-5FAA-499D-80B9-E69B6063BC18}.Debug|Any CPU.Build.0 = Debug|Any CPU
		{8E8EDAB4-5FAA-499D-80B9-E69B6063BC18}.Release|Any CPU.ActiveCfg = Release|Any CPU
		{8E8EDAB4-5FAA-499D-80B9-E69B6063BC18}.Release|Any CPU.Build.0 = Release|Any CPU
	EndGlobalSection
	GlobalSection(SolutionProperties) = preSolution
		HideSolutionNode = FALSE
	EndGlobalSection
	GlobalSection(NestedProjects) = preSolution
		{F530F5E6-AE19-42CE-AF81-48279369828F} = {F8D792E5-0C01-433C-85FE-2C28CF0D0D86}
	EndGlobalSection
	GlobalSection(ExtensibilityGlobals) = postSolution
		SolutionGuid = {A4EC5F2C-2FA0-4E71-84B3-E5D62F5EE259}
	EndGlobalSection
EndGlobal
